
Microsoft Visual Studio Solution File, Format Version 12.00
Project("{F2A71F9B-5D33-465A-A702-920D77279786}") = "Capstone2", "Capstone2\Capstone2.fsproj", "{9DAEFF12-AADD-444D-A35B-D754F110216C}"
EndProject
Project("{F2A71F9B-5D33-465A-A702-920D77279786}") = "Capstone3", "Capstone3\Capstone3.fsproj", "{8A045F36-2A26-4614-AD95-BE12651C2EC7}"
EndProject
Project("{F2A71F9B-5D33-465A-A702-920D77279786}") = "Capstone4", "Capstone4\Capstone4.fsproj", "{9C3C5FC9-7412-4B57-A751-9CEF2A20C117}"
EndProject
Project("{2150E333-8FDC-42A3-9474-1A3956D46DE8}") = "Capstone5", "Capstone5", "{0D5DCAFF-EC11-4690-A208-40E1B3CA10C8}"
EndProject
Project("{FAE04EC0-301F-11D3-BF4B-00C04F79EFBC}") = "WpfClient", "Capstone5\WpfClient\WpfClient.csproj", "{436C01B4-5FCE-42DF-835D-0264E35AC10C}"
EndProject
Project("{F2A71F9B-5D33-465A-A702-920D77279786}") = "Core", "Capstone5\Core\Core.fsproj", "{C2581A31-2F26-4573-9E0E-89C5EB22577B}"
EndProject
Global
	GlobalSection(SolutionConfigurationPlatforms) = preSolution
		Debug|Any CPU = Debug|Any CPU
		Release|Any CPU = Release|Any CPU
	EndGlobalSection
	GlobalSection(ProjectConfigurationPlatforms) = postSolution
		{DCCF38A5-B988-4C60-A01D-A8A99DFD3705}.Debug|Any CPU.ActiveCfg = Debug|Any CPU
		{DCCF38A5-B988-4C60-A01D-A8A99DFD3705}.Debug|Any CPU.Build.0 = Debug|Any CPU
		{DCCF38A5-B988-4C60-A01D-A8A99DFD3705}.Release|Any CPU.ActiveCfg = Release|Any CPU
		{DCCF38A5-B988-4C60-A01D-A8A99DFD3705}.Release|Any CPU.Build.0 = Release|Any CPU
		{9DAEFF12-AADD-444D-A35B-D754F110216C}.Debug|Any CPU.ActiveCfg = Debug|Any CPU
		{9DAEFF12-AADD-444D-A35B-D754F110216C}.Debug|Any CPU.Build.0 = Debug|Any CPU
		{9DAEFF12-AADD-444D-A35B-D754F110216C}.Release|Any CPU.ActiveCfg = Release|Any CPU
		{9DAEFF12-AADD-444D-A35B-D754F110216C}.Release|Any CPU.Build.0 = Release|Any CPU
		{8A045F36-2A26-4614-AD95-BE12651C2EC7}.Debug|Any CPU.ActiveCfg = Debug|Any CPU
		{8A045F36-2A26-4614-AD95-BE12651C2EC7}.Debug|Any CPU.Build.0 = Debug|Any CPU
		{8A045F36-2A26-4614-AD95-BE12651C2EC7}.Release|Any CPU.ActiveCfg = Release|Any CPU
		{8A045F36-2A26-4614-AD95-BE12651C2EC7}.Release|Any CPU.Build.0 = Release|Any CPU
		{9C3C5FC9-7412-4B57-A751-9CEF2A20C117}.Debug|Any CPU.ActiveCfg = Debug|Any CPU
		{9C3C5FC9-7412-4B57-A751-9CEF2A20C117}.Debug|Any CPU.Build.0 = Debug|Any CPU
		{9C3C5FC9-7412-4B57-A751-9CEF2A20C117}.Release|Any CPU.ActiveCfg = Release|Any CPU
		{9C3C5FC9-7412-4B57-A751-9CEF2A20C117}.Release|Any CPU.Build.0 = Release|Any CPU
		{436C01B4-5FCE-42DF-835D-0264E35AC10C}.Debug|Any CPU.ActiveCfg = Debug|Any CPU
		{436C01B4-5FCE-42DF-835D-0264E35AC10C}.Debug|Any CPU.Build.0 = Debug|Any CPU
		{436C01B4-5FCE-42DF-835D-0264E35AC10C}.Release|Any CPU.ActiveCfg = Release|Any CPU
		{436C01B4-5FCE-42DF-835D-0264E35AC10C}.Release|Any CPU.Build.0 = Release|Any CPU
		{C2581A31-2F26-4573-9E0E-89C5EB22577B}.Debug|Any CPU.ActiveCfg = Debug|Any CPU
		{C2581A31-2F26-4573-9E0E-89C5EB22577B}.Debug|Any CPU.Build.0 = Debug|Any CPU
		{C2581A31-2F26-4573-9E0E-89C5EB22577B}.Release|Any CPU.ActiveCfg = Release|Any CPU
		{C2581A31-2F26-4573-9E0E-89C5EB22577B}.Release|Any CPU.Build.0 = Release|Any CPU
	EndGlobalSection
	GlobalSection(NestedProjects) = preSolution
		{436C01B4-5FCE-42DF-835D-0264E35AC10C} = {0D5DCAFF-EC11-4690-A208-40E1B3CA10C8}
		{C2581A31-2F26-4573-9E0E-89C5EB22577B} = {0D5DCAFF-EC11-4690-A208-40E1B3CA10C8}
	EndGlobalSection
EndGlobal
